
Microsoft Visual Studio Solution File, Format Version 12.00
# Visual Studio 15
VisualStudioVersion = 15.0.27130.2027
MinimumVisualStudioVersion = 10.0.40219.1
Project("{FAE04EC0-301F-11D3-BF4B-00C04F79EFBC}") = "AirPollutionWS", "AirPollutionWS\AirPollutionWS.csproj", "{D8865784-4C9A-4775-B8A2-2E1828A0FBEC}"
EndProject
Project("{FAE04EC0-301F-11D3-BF4B-00C04F79EFBC}") = "BusinessLayer1", "BusinessLayer1\BusinessLayer1.csproj", "{737D2729-8A27-457A-90B8-5AFC8857277D}"
EndProject
Project("{FAE04EC0-301F-11D3-BF4B-00C04F79EFBC}") = "DbLayer1", "DbLayer1\DbLayer1.csproj", "{967FFFE4-4AB4-4919-A211-69CC06E9A727}"
EndProject
Project("{FAE04EC0-301F-11D3-BF4B-00C04F79EFBC}") = "EntityLayer1", "EntityLayer1\EntityLayer1.csproj", "{C094001F-CBE8-4025-A6AB-3A5E30B5B7AE}"
EndProject
Global
	GlobalSection(SolutionConfigurationPlatforms) = preSolution
		Debug|Any CPU = Debug|Any CPU
		Release|Any CPU = Release|Any CPU
	EndGlobalSection
	GlobalSection(ProjectConfigurationPlatforms) = postSolution
		{D8865784-4C9A-4775-B8A2-2E1828A0FBEC}.Debug|Any CPU.ActiveCfg = Debug|Any CPU
		{D8865784-4C9A-4775-B8A2-2E1828A0FBEC}.Debug|Any CPU.Build.0 = Debug|Any CPU
		{D8865784-4C9A-4775-B8A2-2E1828A0FBEC}.Release|Any CPU.ActiveCfg = Release|Any CPU
		{D8865784-4C9A-4775-B8A2-2E1828A0FBEC}.Release|Any CPU.Build.0 = Release|Any CPU
		{737D2729-8A27-457A-90B8-5AFC8857277D}.Debug|Any CPU.ActiveCfg = Debug|Any CPU
		{737D2729-8A27-457A-90B8-5AFC8857277D}.Debug|Any CPU.Build.0 = Debug|Any CPU
		{737D2729-8A27-457A-90B8-5AFC8857277D}.Release|Any CPU.ActiveCfg = Release|Any CPU
		{737D2729-8A27-457A-90B8-5AFC8857277D}.Release|Any CPU.Build.0 = Release|Any CPU
		{967FFFE4-4AB4-4919-A211-69CC06E9A727}.Debug|Any CPU.ActiveCfg = Debug|Any CPU
		{967FFFE4-4AB4-4919-A211-69CC06E9A727}.Debug|Any CPU.Build.0 = Debug|Any CPU
		{967FFFE4-4AB4-4919-A211-69CC06E9A727}.Release|Any CPU.ActiveCfg = Release|Any CPU
		{967FFFE4-4AB4-4919-A211-69CC06E9A727}.Release|Any CPU.Build.0 = Release|Any CPU
		{C094001F-CBE8-4025-A6AB-3A5E30B5B7AE}.Debug|Any CPU.ActiveCfg = Debug|Any CPU
		{C094001F-CBE8-4025-A6AB-3A5E30B5B7AE}.Debug|Any CPU.Build.0 = Debug|Any CPU
		{C094001F-CBE8-4025-A6AB-3A5E30B5B7AE}.Release|Any CPU.ActiveCfg = Release|Any CPU
		{C094001F-CBE8-4025-A6AB-3A5E30B5B7AE}.Release|Any CPU.Build.0 = Release|Any CPU
	EndGlobalSection
	GlobalSection(SolutionProperties) = preSolution
		HideSolutionNode = FALSE
	EndGlobalSection
	GlobalSection(ExtensibilityGlobals) = postSolution
		SolutionGuid = {E616EDC2-7C36-4361-BCD5-2C2D7075AF2C}
	EndGlobalSection
EndGlobal
